
Microsoft Visual Studio Solution File, Format Version 12.00
# Visual Studio Version 17
VisualStudioVersion = 17.14.36109.1
MinimumVisualStudioVersion = 10.0.40219.1
Project("{2150E333-8FDC-42A3-9474-1A3956D46DE8}") = "PagueVeloz.TransactionProcessor", "PagueVeloz.TransactionProcessor", "{827E0CD3-B72D-47B6-A68D-7590B98EB39B}"
EndProject
Project("{2150E333-8FDC-42A3-9474-1A3956D46DE8}") = "tests", "tests", "{0AB3BF05-4346-4AA6-1389-037BE0695223}"
EndProject
Project("{FAE04EC0-301F-11D3-BF4B-00C04F79EFBC}") = "PagueVeloz.UnitTests", "tests\PagueVeloz.UnitTests\PagueVeloz.UnitTests.csproj", "{55E00BAF-C9C8-4233-8C5A-6B746592761D}"
EndProject
Project("{FAE04EC0-301F-11D3-BF4B-00C04F79EFBC}") = "PagueVeloz.IntegrationTests", "tests\PagueVeloz.IntegrationTests\PagueVeloz.IntegrationTests.csproj", "{89CE0327-636D-4CEE-AB63-946479356307}"
EndProject
Project("{FAE04EC0-301F-11D3-BF4B-00C04F79EFBC}") = "PagueVeloz.Core", "PagueVeloz.Core\PagueVeloz.Core.csproj", "{BC219127-4367-49E5-8136-1478FC241EBE}"
EndProject
Project("{FAE04EC0-301F-11D3-BF4B-00C04F79EFBC}") = "PagueVeloz.WebApi", "PagueVeloz.WebApi\PagueVeloz.WebApi.csproj", "{883C4C0D-920B-BC8E-8A85-6840CB240D04}"
EndProject
Project("{FAE04EC0-301F-11D3-BF4B-00C04F79EFBC}") = "PagueVeloz.Infrastructure", "PagueVeloz.Infrastructure\PagueVeloz.Infrastructure.csproj", "{2E13A632-BF12-E2E8-8E50-8ABC3421BFBE}"
EndProject
Project("{2150E333-8FDC-42A3-9474-1A3956D46DE8}") = "Solution Items", "Solution Items", "{8EC462FD-D22E-90A8-E5CE-7E832BA40C5D}"
	ProjectSection(SolutionItems) = preProject
		README.MD = README.MD
	EndProjectSection
EndProject
Global
	GlobalSection(SolutionConfigurationPlatforms) = preSolution
		Debug|Any CPU = Debug|Any CPU
		Debug|x64 = Debug|x64
		Debug|x86 = Debug|x86
		Release|Any CPU = Release|Any CPU
		Release|x64 = Release|x64
		Release|x86 = Release|x86
	EndGlobalSection
	GlobalSection(ProjectConfigurationPlatforms) = postSolution
		{55E00BAF-C9C8-4233-8C5A-6B746592761D}.Debug|Any CPU.ActiveCfg = Debug|Any CPU
		{55E00BAF-C9C8-4233-8C5A-6B746592761D}.Debug|Any CPU.Build.0 = Debug|Any CPU
		{55E00BAF-C9C8-4233-8C5A-6B746592761D}.Debug|x64.ActiveCfg = Debug|Any CPU
		{55E00BAF-C9C8-4233-8C5A-6B746592761D}.Debug|x64.Build.0 = Debug|Any CPU
		{55E00BAF-C9C8-4233-8C5A-6B746592761D}.Debug|x86.ActiveCfg = Debug|Any CPU
		{55E00BAF-C9C8-4233-8C5A-6B746592761D}.Debug|x86.Build.0 = Debug|Any CPU
		{55E00BAF-C9C8-4233-8C5A-6B746592761D}.Release|Any CPU.ActiveCfg = Release|Any CPU
		{55E00BAF-C9C8-4233-8C5A-6B746592761D}.Release|Any CPU.Build.0 = Release|Any CPU
		{55E00BAF-C9C8-4233-8C5A-6B746592761D}.Release|x64.ActiveCfg = Release|Any CPU
		{55E00BAF-C9C8-4233-8C5A-6B746592761D}.Release|x64.Build.0 = Release|Any CPU
		{55E00BAF-C9C8-4233-8C5A-6B746592761D}.Release|x86.ActiveCfg = Release|Any CPU
		{55E00BAF-C9C8-4233-8C5A-6B746592761D}.Release|x86.Build.0 = Release|Any CPU
		{89CE0327-636D-4CEE-AB63-946479356307}.Debug|Any CPU.ActiveCfg = Debug|Any CPU
		{89CE0327-636D-4CEE-AB63-946479356307}.Debug|Any CPU.Build.0 = Debug|Any CPU
		{89CE0327-636D-4CEE-AB63-946479356307}.Debug|x64.ActiveCfg = Debug|Any CPU
		{89CE0327-636D-4CEE-AB63-946479356307}.Debug|x64.Build.0 = Debug|Any CPU
		{89CE0327-636D-4CEE-AB63-946479356307}.Debug|x86.ActiveCfg = Debug|Any CPU
		{89CE0327-636D-4CEE-AB63-946479356307}.Debug|x86.Build.0 = Debug|Any CPU
		{89CE0327-636D-4CEE-AB63-946479356307}.Release|Any CPU.ActiveCfg = Release|Any CPU
		{89CE0327-636D-4CEE-AB63-946479356307}.Release|Any CPU.Build.0 = Release|Any CPU
		{89CE0327-636D-4CEE-AB63-946479356307}.Release|x64.ActiveCfg = Release|Any CPU
		{89CE0327-636D-4CEE-AB63-946479356307}.Release|x64.Build.0 = Release|Any CPU
		{89CE0327-636D-4CEE-AB63-946479356307}.Release|x86.ActiveCfg = Release|Any CPU
		{89CE0327-636D-4CEE-AB63-946479356307}.Release|x86.Build.0 = Release|Any CPU
		{BC219127-4367-49E5-8136-1478FC241EBE}.Debug|Any CPU.ActiveCfg = Debug|Any CPU
		{BC219127-4367-49E5-8136-1478FC241EBE}.Debug|Any CPU.Build.0 = Debug|Any CPU
		{BC219127-4367-49E5-8136-1478FC241EBE}.Debug|x64.ActiveCfg = Debug|Any CPU
		{BC219127-4367-49E5-8136-1478FC241EBE}.Debug|x64.Build.0 = Debug|Any CPU
		{BC219127-4367-49E5-8136-1478FC241EBE}.Debug|x86.ActiveCfg = Debug|Any CPU
		{BC219127-4367-49E5-8136-1478FC241EBE}.Debug|x86.Build.0 = Debug|Any CPU
		{BC219127-4367-49E5-8136-1478FC241EBE}.Release|Any CPU.ActiveCfg = Release|Any CPU
		{BC219127-4367-49E5-8136-1478FC241EBE}.Release|Any CPU.Build.0 = Release|Any CPU
		{BC219127-4367-49E5-8136-1478FC241EBE}.Release|x64.ActiveCfg = Release|Any CPU
		{BC219127-4367-49E5-8136-1478FC241EBE}.Release|x64.Build.0 = Release|Any CPU
		{BC219127-4367-49E5-8136-1478FC241EBE}.Release|x86.ActiveCfg = Release|Any CPU
		{BC219127-4367-49E5-8136-1478FC241EBE}.Release|x86.Build.0 = Release|Any CPU
		{883C4C0D-920B-BC8E-8A85-6840CB240D04}.Debug|Any CPU.ActiveCfg = Debug|Any CPU
		{883C4C0D-920B-BC8E-8A85-6840CB240D04}.Debug|Any CPU.Build.0 = Debug|Any CPU
		{883C4C0D-920B-BC8E-8A85-6840CB240D04}.Debug|x64.ActiveCfg = Debug|Any CPU
		{883C4C0D-920B-BC8E-8A85-6840CB240D04}.Debug|x64.Build.0 = Debug|Any CPU
		{883C4C0D-920B-BC8E-8A85-6840CB240D04}.Debug|x86.ActiveCfg = Debug|Any CPU
		{883C4C0D-920B-BC8E-8A85-6840CB240D04}.Debug|x86.Build.0 = Debug|Any CPU
		{883C4C0D-920B-BC8E-8A85-6840CB240D04}.Release|Any CPU.ActiveCfg = Release|Any CPU
		{883C4C0D-920B-BC8E-8A85-6840CB240D04}.Release|Any CPU.Build.0 = Release|Any CPU
		{883C4C0D-920B-BC8E-8A85-6840CB240D04}.Release|x64.ActiveCfg = Release|Any CPU
		{883C4C0D-920B-BC8E-8A85-6840CB240D04}.Release|x64.Build.0 = Release|Any CPU
		{883C4C0D-920B-BC8E-8A85-6840CB240D04}.Release|x86.ActiveCfg = Release|Any CPU
		{883C4C0D-920B-BC8E-8A85-6840CB240D04}.Release|x86.Build.0 = Release|Any CPU
		{2E13A632-BF12-E2E8-8E50-8ABC3421BFBE}.Debug|Any CPU.ActiveCfg = Debug|Any CPU
		{2E13A632-BF12-E2E8-8E50-8ABC3421BFBE}.Debug|Any CPU.Build.0 = Debug|Any CPU
		{2E13A632-BF12-E2E8-8E50-8ABC3421BFBE}.Debug|x64.ActiveCfg = Debug|Any CPU
		{2E13A632-BF12-E2E8-8E50-8ABC3421BFBE}.Debug|x64.Build.0 = Debug|Any CPU
		{2E13A632-BF12-E2E8-8E50-8ABC3421BFBE}.Debug|x86.ActiveCfg = Debug|Any CPU
		{2E13A632-BF12-E2E8-8E50-8ABC3421BFBE}.Debug|x86.Build.0 = Debug|Any CPU
		{2E13A632-BF12-E2E8-8E50-8ABC3421BFBE}.Release|Any CPU.ActiveCfg = Release|Any CPU
		{2E13A632-BF12-E2E8-8E50-8ABC3421BFBE}.Release|Any CPU.Build.0 = Release|Any CPU
		{2E13A632-BF12-E2E8-8E50-8ABC3421BFBE}.Release|x64.ActiveCfg = Release|Any CPU
		{2E13A632-BF12-E2E8-8E50-8ABC3421BFBE}.Release|x64.Build.0 = Release|Any CPU
		{2E13A632-BF12-E2E8-8E50-8ABC3421BFBE}.Release|x86.ActiveCfg = Release|Any CPU
		{2E13A632-BF12-E2E8-8E50-8ABC3421BFBE}.Release|x86.Build.0 = Release|Any CPU
	EndGlobalSection
	GlobalSection(SolutionProperties) = preSolution
		HideSolutionNode = FALSE
	EndGlobalSection
	GlobalSection(NestedProjects) = preSolution
		{0AB3BF05-4346-4AA6-1389-037BE0695223} = {827E0CD3-B72D-47B6-A68D-7590B98EB39B}
		{55E00BAF-C9C8-4233-8C5A-6B746592761D} = {0AB3BF05-4346-4AA6-1389-037BE0695223}
		{89CE0327-636D-4CEE-AB63-946479356307} = {0AB3BF05-4346-4AA6-1389-037BE0695223}
		{BC219127-4367-49E5-8136-1478FC241EBE} = {827E0CD3-B72D-47B6-A68D-7590B98EB39B}
		{883C4C0D-920B-BC8E-8A85-6840CB240D04} = {827E0CD3-B72D-47B6-A68D-7590B98EB39B}
		{2E13A632-BF12-E2E8-8E50-8ABC3421BFBE} = {827E0CD3-B72D-47B6-A68D-7590B98EB39B}
	EndGlobalSection
	GlobalSection(ExtensibilityGlobals) = postSolution
		SolutionGuid = {8B66B40D-18A4-4B47-9E28-D2B24276A082}
	EndGlobalSection
EndGlobal
